// !$*UTF8*$!
{
	archiveVersion = 1;
	classes = {
	};
	objectVersion = 50;
	objects = {

/* Begin PBXBuildFile section */
		79679B7F26C2C68B001DC64E /* AppDelegate.swift in Sources */ = {isa = PBXBuildFile; fileRef = 79679B7E26C2C68B001DC64E /* AppDelegate.swift */; };
		79679B8126C2C68B001DC64E /* SceneDelegate.swift in Sources */ = {isa = PBXBuildFile; fileRef = 79679B8026C2C68B001DC64E /* SceneDelegate.swift */; };
		79679B8326C2C68B001DC64E /* ContentView.swift in Sources */ = {isa = PBXBuildFile; fileRef = 79679B8226C2C68B001DC64E /* ContentView.swift */; };
		79679B8526C2C68C001DC64E /* Assets.xcassets in Resources */ = {isa = PBXBuildFile; fileRef = 79679B8426C2C68C001DC64E /* Assets.xcassets */; };
		79679B8826C2C68C001DC64E /* Preview Assets.xcassets in Resources */ = {isa = PBXBuildFile; fileRef = 79679B8726C2C68C001DC64E /* Preview Assets.xcassets */; };
		79679B8B26C2C68C001DC64E /* LaunchScreen.storyboard in Resources */ = {isa = PBXBuildFile; fileRef = 79679B8926C2C68C001DC64E /* LaunchScreen.storyboard */; };
		79679B9326C2C69F001DC64E /* DataManager.swift in Sources */ = {isa = PBXBuildFile; fileRef = 79679B9226C2C69F001DC64E /* DataManager.swift */; };
		79679B9526C2C6C4001DC64E /* Person.swift in Sources */ = {isa = PBXBuildFile; fileRef = 79679B9426C2C6C4001DC64E /* Person.swift */; };
		79679B9726C2C8E2001DC64E /* PersonList2.swift in Sources */ = {isa = PBXBuildFile; fileRef = 79679B9626C2C8E2001DC64E /* PersonList2.swift */; };
		79679B9926C2CA43001DC64E /* PersonListCell.swift in Sources */ = {isa = PBXBuildFile; fileRef = 79679B9826C2CA43001DC64E /* PersonListCell.swift */; };
		79679B9B26C2FB49001DC64E /* ContactList.swift in Sources */ = {isa = PBXBuildFile; fileRef = 79679B9A26C2FB49001DC64E /* ContactList.swift */; };
		79679B9D26C3BA1A001DC64E /* ContactRow.swift in Sources */ = {isa = PBXBuildFile; fileRef = 79679B9C26C3BA1A001DC64E /* ContactRow.swift */; };
		79679B9F26C3C6D1001DC64E /* DetailsView.swift in Sources */ = {isa = PBXBuildFile; fileRef = 79679B9E26C3C6D1001DC64E /* DetailsView.swift */; };
		79679BA126C3ED52001DC64E /* PersonList.swift in Sources */ = {isa = PBXBuildFile; fileRef = 79679BA026C3ED52001DC64E /* PersonList.swift */; };
		79679BA326C3F02E001DC64E /* CustomTabItem.swift in Sources */ = {isa = PBXBuildFile; fileRef = 79679BA226C3F02E001DC64E /* CustomTabItem.swift */; };
/* End PBXBuildFile section */

/* Begin PBXFileReference section */
		79679B7B26C2C68B001DC64E /* ContactListSwiftUIAndUIKit.app */ = {isa = PBXFileReference; explicitFileType = wrapper.application; includeInIndex = 0; path = ContactListSwiftUIAndUIKit.app; sourceTree = BUILT_PRODUCTS_DIR; };
		79679B7E26C2C68B001DC64E /* AppDelegate.swift */ = {isa = PBXFileReference; lastKnownFileType = sourcecode.swift; path = AppDelegate.swift; sourceTree = "<group>"; };
		79679B8026C2C68B001DC64E /* SceneDelegate.swift */ = {isa = PBXFileReference; lastKnownFileType = sourcecode.swift; path = SceneDelegate.swift; sourceTree = "<group>"; };
		79679B8226C2C68B001DC64E /* ContentView.swift */ = {isa = PBXFileReference; lastKnownFileType = sourcecode.swift; path = ContentView.swift; sourceTree = "<group>"; };
		79679B8426C2C68C001DC64E /* Assets.xcassets */ = {isa = PBXFileReference; lastKnownFileType = folder.assetcatalog; path = Assets.xcassets; sourceTree = "<group>"; };
		79679B8726C2C68C001DC64E /* Preview Assets.xcassets */ = {isa = PBXFileReference; lastKnownFileType = folder.assetcatalog; path = "Preview Assets.xcassets"; sourceTree = "<group>"; };
		79679B8A26C2C68C001DC64E /* Base */ = {isa = PBXFileReference; lastKnownFileType = file.storyboard; name = Base; path = Base.lproj/LaunchScreen.storyboard; sourceTree = "<group>"; };
		79679B8C26C2C68C001DC64E /* Info.plist */ = {isa = PBXFileReference; lastKnownFileType = text.plist.xml; path = Info.plist; sourceTree = "<group>"; };
		79679B9226C2C69F001DC64E /* DataManager.swift */ = {isa = PBXFileReference; lastKnownFileType = sourcecode.swift; path = DataManager.swift; sourceTree = "<group>"; };
		79679B9426C2C6C4001DC64E /* Person.swift */ = {isa = PBXFileReference; lastKnownFileType = sourcecode.swift; path = Person.swift; sourceTree = "<group>"; };
		79679B9626C2C8E2001DC64E /* PersonList2.swift */ = {isa = PBXFileReference; lastKnownFileType = sourcecode.swift; path = PersonList2.swift; sourceTree = "<group>"; };
		79679B9826C2CA43001DC64E /* PersonListCell.swift */ = {isa = PBXFileReference; lastKnownFileType = sourcecode.swift; path = PersonListCell.swift; sourceTree = "<group>"; };
		79679B9A26C2FB49001DC64E /* ContactList.swift */ = {isa = PBXFileReference; lastKnownFileType = sourcecode.swift; path = ContactList.swift; sourceTree = "<group>"; };
		79679B9C26C3BA1A001DC64E /* ContactRow.swift */ = {isa = PBXFileReference; lastKnownFileType = sourcecode.swift; path = ContactRow.swift; sourceTree = "<group>"; };
		79679B9E26C3C6D1001DC64E /* DetailsView.swift */ = {isa = PBXFileReference; lastKnownFileType = sourcecode.swift; path = DetailsView.swift; sourceTree = "<group>"; };
		79679BA026C3ED52001DC64E /* PersonList.swift */ = {isa = PBXFileReference; lastKnownFileType = sourcecode.swift; path = PersonList.swift; sourceTree = "<group>"; };
		79679BA226C3F02E001DC64E /* CustomTabItem.swift */ = {isa = PBXFileReference; lastKnownFileType = sourcecode.swift; path = CustomTabItem.swift; sourceTree = "<group>"; };
/* End PBXFileReference section */

/* Begin PBXFrameworksBuildPhase section */
		79679B7826C2C68B001DC64E /* Frameworks */ = {
			isa = PBXFrameworksBuildPhase;
			buildActionMask = 2147483647;
			files = (
			);
			runOnlyForDeploymentPostprocessing = 0;
		};
/* End PBXFrameworksBuildPhase section */

/* Begin PBXGroup section */
		79679B7226C2C68B001DC64E = {
			isa = PBXGroup;
			children = (
				79679B7D26C2C68B001DC64E /* ContactListSwiftUIAndUIKit */,
				79679B7C26C2C68B001DC64E /* Products */,
			);
			sourceTree = "<group>";
		};
		79679B7C26C2C68B001DC64E /* Products */ = {
			isa = PBXGroup;
			children = (
				79679B7B26C2C68B001DC64E /* ContactListSwiftUIAndUIKit.app */,
			);
			name = Products;
			sourceTree = "<group>";
		};
		79679B7D26C2C68B001DC64E /* ContactListSwiftUIAndUIKit */ = {
			isa = PBXGroup;
			children = (
				79679BA826C42C1B001DC64E /* Supporting Files */,
				79679BA626C42B40001DC64E /* Model */,
				79679BA526C42B2E001DC64E /* Views */,
				79679BA426C42B22001DC64E /* Managers */,
				79679BA726C42BF9001DC64E /* UIKitView */,
				79679B8626C2C68C001DC64E /* Preview Content */,
			);
			path = ContactListSwiftUIAndUIKit;
			sourceTree = "<group>";
		};
		79679B8626C2C68C001DC64E /* Preview Content */ = {
			isa = PBXGroup;
			children = (
				79679B8726C2C68C001DC64E /* Preview Assets.xcassets */,
			);
			path = "Preview Content";
			sourceTree = "<group>";
		};
		79679BA426C42B22001DC64E /* Managers */ = {
			isa = PBXGroup;
			children = (
				79679B9226C2C69F001DC64E /* DataManager.swift */,
			);
			path = Managers;
			sourceTree = "<group>";
		};
		79679BA526C42B2E001DC64E /* Views */ = {
			isa = PBXGroup;
			children = (
				79679B8226C2C68B001DC64E /* ContentView.swift */,
				79679BA226C3F02E001DC64E /* CustomTabItem.swift */,
				79679BA026C3ED52001DC64E /* PersonList.swift */,
				79679B9A26C2FB49001DC64E /* ContactList.swift */,
				79679B9C26C3BA1A001DC64E /* ContactRow.swift */,
				79679B9E26C3C6D1001DC64E /* DetailsView.swift */,
			);
			path = Views;
			sourceTree = "<group>";
		};
		79679BA626C42B40001DC64E /* Model */ = {
			isa = PBXGroup;
			children = (
				79679B9426C2C6C4001DC64E /* Person.swift */,
			);
			path = Model;
			sourceTree = "<group>";
		};
		79679BA726C42BF9001DC64E /* UIKitView */ = {
			isa = PBXGroup;
			children = (
				79679B9626C2C8E2001DC64E /* PersonList2.swift */,
				79679B9826C2CA43001DC64E /* PersonListCell.swift */,
			);
			path = UIKitView;
			sourceTree = "<group>";
		};
		79679BA826C42C1B001DC64E /* Supporting Files */ = {
			isa = PBXGroup;
			children = (
				79679B7E26C2C68B001DC64E /* AppDelegate.swift */,
				79679B8026C2C68B001DC64E /* SceneDelegate.swift */,
				79679B8426C2C68C001DC64E /* Assets.xcassets */,
				79679B8926C2C68C001DC64E /* LaunchScreen.storyboard */,
				79679B8C26C2C68C001DC64E /* Info.plist */,
			);
			path = "Supporting Files";
			sourceTree = "<group>";
		};
/* End PBXGroup section */

/* Begin PBXNativeTarget section */
		79679B7A26C2C68B001DC64E /* ContactListSwiftUIAndUIKit */ = {
			isa = PBXNativeTarget;
			buildConfigurationList = 79679B8F26C2C68C001DC64E /* Build configuration list for PBXNativeTarget "ContactListSwiftUIAndUIKit" */;
			buildPhases = (
				79679B7726C2C68B001DC64E /* Sources */,
				79679B7826C2C68B001DC64E /* Frameworks */,
				79679B7926C2C68B001DC64E /* Resources */,
			);
			buildRules = (
			);
			dependencies = (
			);
			name = ContactListSwiftUIAndUIKit;
			productName = ContactListSwiftUIAndUIKit;
			productReference = 79679B7B26C2C68B001DC64E /* ContactListSwiftUIAndUIKit.app */;
			productType = "com.apple.product-type.application";
		};
/* End PBXNativeTarget section */

/* Begin PBXProject section */
		79679B7326C2C68B001DC64E /* Project object */ = {
			isa = PBXProject;
			attributes = {
				LastSwiftUpdateCheck = 1250;
				LastUpgradeCheck = 1250;
				TargetAttributes = {
					79679B7A26C2C68B001DC64E = {
						CreatedOnToolsVersion = 12.5.1;
					};
				};
			};
			buildConfigurationList = 79679B7626C2C68B001DC64E /* Build configuration list for PBXProject "ContactListSwiftUIAndUIKit" */;
			compatibilityVersion = "Xcode 9.3";
			developmentRegion = en;
			hasScannedForEncodings = 0;
			knownRegions = (
				en,
				Base,
			);
			mainGroup = 79679B7226C2C68B001DC64E;
			productRefGroup = 79679B7C26C2C68B001DC64E /* Products */;
			projectDirPath = "";
			projectRoot = "";
			targets = (
				79679B7A26C2C68B001DC64E /* ContactListSwiftUIAndUIKit */,
			);
		};
/* End PBXProject section */

/* Begin PBXResourcesBuildPhase section */
		79679B7926C2C68B001DC64E /* Resources */ = {
			isa = PBXResourcesBuildPhase;
			buildActionMask = 2147483647;
			files = (
				79679B8B26C2C68C001DC64E /* LaunchScreen.storyboard in Resources */,
				79679B8826C2C68C001DC64E /* Preview Assets.xcassets in Resources */,
				79679B8526C2C68C001DC64E /* Assets.xcassets in Resources */,
			);
			runOnlyForDeploymentPostprocessing = 0;
		};
/* End PBXResourcesBuildPhase section */

/* Begin PBXSourcesBuildPhase section */
		79679B7726C2C68B001DC64E /* Sources */ = {
			isa = PBXSourcesBuildPhase;
			buildActionMask = 2147483647;
			files = (
				79679B9526C2C6C4001DC64E /* Person.swift in Sources */,
				79679B9F26C3C6D1001DC64E /* DetailsView.swift in Sources */,
				79679B7F26C2C68B001DC64E /* AppDelegate.swift in Sources */,
				79679B9D26C3BA1A001DC64E /* ContactRow.swift in Sources */,
				79679B9326C2C69F001DC64E /* DataManager.swift in Sources */,
				79679B8126C2C68B001DC64E /* SceneDelegate.swift in Sources */,
				79679B9B26C2FB49001DC64E /* ContactList.swift in Sources */,
				79679BA326C3F02E001DC64E /* CustomTabItem.swift in Sources */,
				79679BA126C3ED52001DC64E /* PersonList.swift in Sources */,
				79679B9926C2CA43001DC64E /* PersonListCell.swift in Sources */,
				79679B9726C2C8E2001DC64E /* PersonList2.swift in Sources */,
				79679B8326C2C68B001DC64E /* ContentView.swift in Sources */,
			);
			runOnlyForDeploymentPostprocessing = 0;
		};
/* End PBXSourcesBuildPhase section */

/* Begin PBXVariantGroup section */
		79679B8926C2C68C001DC64E /* LaunchScreen.storyboard */ = {
			isa = PBXVariantGroup;
			children = (
				79679B8A26C2C68C001DC64E /* Base */,
			);
			name = LaunchScreen.storyboard;
			sourceTree = "<group>";
		};
/* End PBXVariantGroup section */

/* Begin XCBuildConfiguration section */
		79679B8D26C2C68C001DC64E /* Debug */ = {
			isa = XCBuildConfiguration;
			buildSettings = {
				ALWAYS_SEARCH_USER_PATHS = NO;
				CLANG_ANALYZER_NONNULL = YES;
				CLANG_ANALYZER_NUMBER_OBJECT_CONVERSION = YES_AGGRESSIVE;
				CLANG_CXX_LANGUAGE_STANDARD = "gnu++14";
				CLANG_CXX_LIBRARY = "libc++";
				CLANG_ENABLE_MODULES = YES;
				CLANG_ENABLE_OBJC_ARC = YES;
				CLANG_ENABLE_OBJC_WEAK = YES;
				CLANG_WARN_BLOCK_CAPTURE_AUTORELEASING = YES;
				CLANG_WARN_BOOL_CONVERSION = YES;
				CLANG_WARN_COMMA = YES;
				CLANG_WARN_CONSTANT_CONVERSION = YES;
				CLANG_WARN_DEPRECATED_OBJC_IMPLEMENTATIONS = YES;
				CLANG_WARN_DIRECT_OBJC_ISA_USAGE = YES_ERROR;
				CLANG_WARN_DOCUMENTATION_COMMENTS = YES;
				CLANG_WARN_EMPTY_BODY = YES;
				CLANG_WARN_ENUM_CONVERSION = YES;
				CLANG_WARN_INFINITE_RECURSION = YES;
				CLANG_WARN_INT_CONVERSION = YES;
				CLANG_WARN_NON_LITERAL_NULL_CONVERSION = YES;
				CLANG_WARN_OBJC_IMPLICIT_RETAIN_SELF = YES;
				CLANG_WARN_OBJC_LITERAL_CONVERSION = YES;
				CLANG_WARN_OBJC_ROOT_CLASS = YES_ERROR;
				CLANG_WARN_QUOTED_INCLUDE_IN_FRAMEWORK_HEADER = YES;
				CLANG_WARN_RANGE_LOOP_ANALYSIS = YES;
				CLANG_WARN_STRICT_PROTOTYPES = YES;
				CLANG_WARN_SUSPICIOUS_MOVE = YES;
				CLANG_WARN_UNGUARDED_AVAILABILITY = YES_AGGRESSIVE;
				CLANG_WARN_UNREACHABLE_CODE = YES;
				CLANG_WARN__DUPLICATE_METHOD_MATCH = YES;
				COPY_PHASE_STRIP = NO;
				DEBUG_INFORMATION_FORMAT = dwarf;
				ENABLE_STRICT_OBJC_MSGSEND = YES;
				ENABLE_TESTABILITY = YES;
				GCC_C_LANGUAGE_STANDARD = gnu11;
				GCC_DYNAMIC_NO_PIC = NO;
				GCC_NO_COMMON_BLOCKS = YES;
				GCC_OPTIMIZATION_LEVEL = 0;
				GCC_PREPROCESSOR_DEFINITIONS = (
					"DEBUG=1",
					"$(inherited)",
				);
				GCC_WARN_64_TO_32_BIT_CONVERSION = YES;
				GCC_WARN_ABOUT_RETURN_TYPE = YES_ERROR;
				GCC_WARN_UNDECLARED_SELECTOR = YES;
				GCC_WARN_UNINITIALIZED_AUTOS = YES_AGGRESSIVE;
				GCC_WARN_UNUSED_FUNCTION = YES;
				GCC_WARN_UNUSED_VARIABLE = YES;
				IPHONEOS_DEPLOYMENT_TARGET = 14.5;
				MTL_ENABLE_DEBUG_INFO = INCLUDE_SOURCE;
				MTL_FAST_MATH = YES;
				ONLY_ACTIVE_ARCH = YES;
				SDKROOT = iphoneos;
				SWIFT_ACTIVE_COMPILATION_CONDITIONS = DEBUG;
				SWIFT_OPTIMIZATION_LEVEL = "-Onone";
			};
			name = Debug;
		};
		79679B8E26C2C68C001DC64E /* Release */ = {
			isa = XCBuildConfiguration;
			buildSettings = {
				ALWAYS_SEARCH_USER_PATHS = NO;
				CLANG_ANALYZER_NONNULL = YES;
				CLANG_ANALYZER_NUMBER_OBJECT_CONVERSION = YES_AGGRESSIVE;
				CLANG_CXX_LANGUAGE_STANDARD = "gnu++14";
				CLANG_CXX_LIBRARY = "libc++";
				CLANG_ENABLE_MODULES = YES;
				CLANG_ENABLE_OBJC_ARC = YES;
				CLANG_ENABLE_OBJC_WEAK = YES;
				CLANG_WARN_BLOCK_CAPTURE_AUTORELEASING = YES;
				CLANG_WARN_BOOL_CONVERSION = YES;
				CLANG_WARN_COMMA = YES;
				CLANG_WARN_CONSTANT_CONVERSION = YES;
				CLANG_WARN_DEPRECATED_OBJC_IMPLEMENTATIONS = YES;
				CLANG_WARN_DIRECT_OBJC_ISA_USAGE = YES_ERROR;
				CLANG_WARN_DOCUMENTATION_COMMENTS = YES;
				CLANG_WARN_EMPTY_BODY = YES;
				CLANG_WARN_ENUM_CONVERSION = YES;
				CLANG_WARN_INFINITE_RECURSION = YES;
				CLANG_WARN_INT_CONVERSION = YES;
				CLANG_WARN_NON_LITERAL_NULL_CONVERSION = YES;
				CLANG_WARN_OBJC_IMPLICIT_RETAIN_SELF = YES;
				CLANG_WARN_OBJC_LITERAL_CONVERSION = YES;
				CLANG_WARN_OBJC_ROOT_CLASS = YES_ERROR;
				CLANG_WARN_QUOTED_INCLUDE_IN_FRAMEWORK_HEADER = YES;
				CLANG_WARN_RANGE_LOOP_ANALYSIS = YES;
				CLANG_WARN_STRICT_PROTOTYPES = YES;
				CLANG_WARN_SUSPICIOUS_MOVE = YES;
				CLANG_WARN_UNGUARDED_AVAILABILITY = YES_AGGRESSIVE;
				CLANG_WARN_UNREACHABLE_CODE = YES;
				CLANG_WARN__DUPLICATE_METHOD_MATCH = YES;
				COPY_PHASE_STRIP = NO;
				DEBUG_INFORMATION_FORMAT = "dwarf-with-dsym";
				ENABLE_NS_ASSERTIONS = NO;
				ENABLE_STRICT_OBJC_MSGSEND = YES;
				GCC_C_LANGUAGE_STANDARD = gnu11;
				GCC_NO_COMMON_BLOCKS = YES;
				GCC_WARN_64_TO_32_BIT_CONVERSION = YES;
				GCC_WARN_ABOUT_RETURN_TYPE = YES_ERROR;
				GCC_WARN_UNDECLARED_SELECTOR = YES;
				GCC_WARN_UNINITIALIZED_AUTOS = YES_AGGRESSIVE;
				GCC_WARN_UNUSED_FUNCTION = YES;
				GCC_WARN_UNUSED_VARIABLE = YES;
				IPHONEOS_DEPLOYMENT_TARGET = 14.5;
				MTL_ENABLE_DEBUG_INFO = NO;
				MTL_FAST_MATH = YES;
				SDKROOT = iphoneos;
				SWIFT_COMPILATION_MODE = wholemodule;
				SWIFT_OPTIMIZATION_LEVEL = "-O";
				VALIDATE_PRODUCT = YES;
			};
			name = Release;
		};
		79679B9026C2C68C001DC64E /* Debug */ = {
			isa = XCBuildConfiguration;
			buildSettings = {
				ASSETCATALOG_COMPILER_APPICON_NAME = AppIcon;
				ASSETCATALOG_COMPILER_GLOBAL_ACCENT_COLOR_NAME = AccentColor;
				CODE_SIGN_STYLE = Automatic;
				DEVELOPMENT_ASSET_PATHS = "\"ContactListSwiftUIAndUIKit/Preview Content\"";
				DEVELOPMENT_TEAM = 96UHXBP52X;
				ENABLE_PREVIEWS = YES;
				INFOPLIST_FILE = "ContactListSwiftUIAndUIKit/Supporting Files/Info.plist";
				LD_RUNPATH_SEARCH_PATHS = (
					"$(inherited)",
					"@executable_path/Frameworks",
				);
				PRODUCT_BUNDLE_IDENTIFIER = Kate.ContactListSwiftUIAndUIKit;
				PRODUCT_NAME = "$(TARGET_NAME)";
				SWIFT_VERSION = 5.0;
				TARGETED_DEVICE_FAMILY = "1,2";
			};
			name = Debug;
		};
		79679B9126C2C68C001DC64E /* Release */ = {
			isa = XCBuildConfiguration;
			buildSettings = {
				ASSETCATALOG_COMPILER_APPICON_NAME = AppIcon;
				ASSETCATALOG_COMPILER_GLOBAL_ACCENT_COLOR_NAME = AccentColor;
				CODE_SIGN_STYLE = Automatic;
				DEVELOPMENT_ASSET_PATHS = "\"ContactListSwiftUIAndUIKit/Preview Content\"";
				DEVELOPMENT_TEAM = 96UHXBP52X;
				ENABLE_PREVIEWS = YES;
				INFOPLIST_FILE = "ContactListSwiftUIAndUIKit/Supporting Files/Info.plist";
				LD_RUNPATH_SEARCH_PATHS = (
					"$(inherited)",
					"@executable_path/Frameworks",
				);
				PRODUCT_BUNDLE_IDENTIFIER = Kate.ContactListSwiftUIAndUIKit;
				PRODUCT_NAME = "$(TARGET_NAME)";
				SWIFT_VERSION = 5.0;
				TARGETED_DEVICE_FAMILY = "1,2";
			};
			name = Release;
		};
/* End XCBuildConfiguration section */

/* Begin XCConfigurationList section */
		79679B7626C2C68B001DC64E /* Build configuration list for PBXProject "ContactListSwiftUIAndUIKit" */ = {
			isa = XCConfigurationList;
			buildConfigurations = (
				79679B8D26C2C68C001DC64E /* Debug */,
				79679B8E26C2C68C001DC64E /* Release */,
			);
			defaultConfigurationIsVisible = 0;
			defaultConfigurationName = Release;
		};
		79679B8F26C2C68C001DC64E /* Build configuration list for PBXNativeTarget "ContactListSwiftUIAndUIKit" */ = {
			isa = XCConfigurationList;
			buildConfigurations = (
				79679B9026C2C68C001DC64E /* Debug */,
				79679B9126C2C68C001DC64E /* Release */,
			);
			defaultConfigurationIsVisible = 0;
			defaultConfigurationName = Release;
		};
/* End XCConfigurationList section */
	};
	rootObject = 79679B7326C2C68B001DC64E /* Project object */;
}
